github.com/Gogods/cobra v1.6.1 h1:DwJRhqGs08SskiHXdKTH+M0AO7GoJEGXLfcxAej8C04=
github.com/Gogods/cobra v1.6.1/go.mod h1:jo7DGsCB1TEMXdLpT5HvZ/U7HmtpEJnvlPquhfC6bpQ=
github.com/Gogods/pflag v0.0.0-20221115102352-9c9ef4b61b14 h1:LKF++9IQ52FMA4FrG7MPmjrWs3KJu3CZr2wZaHmEwzg=
github.com/Gogods/pflag v0.0.0-20221115102352-9c9ef4b61b14/go.mod h1:Du7Wff2ULmvrrVtqXpYyGhCRigUKsyE1Ow78ZFG4oWs=
github.com/bi-zone/go-fileversion v1.0.0 h1:N/sorBKYfWDjT5ySlUOxSJvG3g9XiaBKxXgHGfH5Wf8=
github.com/bi-zone/go-fileversion v1.0.0/go.mod h1:evMpx4TA/iTAtufWYK271/Mbr5JAL24vlu1WNjVef6s=
github.com/cpuguy83/go-md2man/v2 v2.0.1/go.mod h1:tgQtvFlXSQOSOSIRvRPT7W67SCa46tRHOmNcaadrF8o=
github.com/go-ole/go-ole v1.2.6 h1:/Fpf6oFPoeFik9ty7siob0G6Ke8QvQEuVcuChpwXzpY=
github.com/go-ole/go-ole v1.2.6/go.mod h1:pprOEPIfldk/42T2oK7lQ4v4JSDwmV0As9GaiUsvbm0=
github.com/hashicorp/errwrap v1.0.0 h1:hLrqtEDnRye3+sgx6z4qVLNuviH3MR5aQ0ykNJa/UYA=
github.com/hashicorp/errwrap v1.0.0/go.mod h1:YH+1FKiLXxHSkmPseP+kNlulaMuP3n2brvKWEqk/Jc4=
github.com/hashicorp/go-multierror v1.1.1 h1:H5DkEtf6CXdFp0N0Em5UCwQpXMWke8IA0+lD48awMYo=
github.com/hashicorp/go-multierror v1.1.1/go.mod h1:iw975J/qwKPdAO1clOe2L8331t/9/fmwbPZ6JB6eMoM=
github.com/inconshreveable/mousetrap v1.0.0 h1:Z8tu5sraLXCXIcARxBp/8cbvlwVa7Z1NHg9XEKhtSvM=
github.com/inconshreveable/mousetrap v1.0.0/go.mod h1:PxqpIevigyE2G7u3NXJIT2ANytuPF1OarO4DADm73n8=
github.com/inconshreveable/mousetrap v1.0.1 h1:U3uMjPSQEBMNp1lFxmllqCPM6P5u/Xq7Pgzkat/bFNc=
github.com/inconshreveable/mousetrap v1.0.1/go.mod h1:vpF70FUmC8bwa3OWnCshd2FqLfsEA9PFc4w1p2J65bw=
github.com/russross/blackfriday/v2 v2.1.0/go.mod h1:+Rmxgy9KzJVeS9/2gXHxylqXiyQDYRxCVz55jmeOWTM=
github.com/spf13/cobra v1.4.0 h1:y+wJpx64xcgO1V+RcnwW0LEHxTKRi2ZDPSBjWnrg88Q=
github.com/spf13/cobra v1.4.0/go.mod h1:Wo4iy3BUC+X2Fybo0PDqwJIv3dNRiZLHQymsfxlB84g=
github.com/spf13/pflag v1.0.5 h1:iy+VFUOCP1a+8yFto/drg2CJ5u0yRoB7fZw3DKv/JXA=
github.com/spf13/pflag v1.0.5/go.mod h1:McXfInJRrz4CZXVZOBLb0bTZqETkiAhM9Iw0y3An2Bg=
github.com/yusufpapurcu/wmi v1.2.2 h1:KBNDSne4vP5mbSWnJbO+51IMOXJB67QiYCSBrubbPRg=
github.com/yusufpapurcu/wmi v1.2.2/go.mod h1:SBZ9tNy3G9/m5Oi98Zks0QjeHVDvuK0qfxQmPyzfmi0=
golang.org/x/sys v0.0.0-20190916202348-b4ddaad3f8a3 h1:7TYNF4UdlohbFwpNH04CoPMp1cHUZgO1Ebq5r2hIjfo=
golang.org/x/sys v0.0.0-20190916202348-b4ddaad3f8a3/go.mod h1:h1NjWce9XRLGQEsW7wpKNCjG9DtNlClVuFLEZdDNbEs=
golang.org/x/xerrors v0.0.0-20190717185122-a985d3407aa7 h1:9zdDQZ7Thm29KFXgAX/+yaf3eVbP7djjWp/dXAppNCc=
golang.org/x/xerrors v0.0.0-20190717185122-a985d3407aa7/go.mod h1:I/5z698sn9Ka8TeJc9MKroUUfqBBauWjQqLJ2OPfmY0=
gopkg.in/check.v1 v0.0.0-20161208181325-20d25e280405/go.mod h1:Co6ibVJAznAaIkqp8huTwlJQCZ016jof/cbN4VW5Yz0=
gopkg.in/yaml.v2 v2.4.0/go.mod h1:RDklbk79AGWmwhnvt/jBztapEOGDOx6ZbXqjP6csGnQ=
